
Microsoft Visual Studio Solution File, Format Version 12.00
# Visual Studio Version 17
VisualStudioVersion = 17.14.36414.22 d17.14
MinimumVisualStudioVersion = 10.0.40219.1
Project("{FAE04EC0-301F-11D3-BF4B-00C04F79EFBC}") = "TEST", "TEST\TEST.csproj", "{42A42DDD-763D-48EE-B799-0647962255E4}"
EndProject
Global
	GlobalSection(SolutionConfigurationPlatforms) = preSolution
		Debug|Any CPU = Debug|Any CPU
		Release|Any CPU = Release|Any CPU
	EndGlobalSection
	GlobalSection(ProjectConfigurationPlatforms) = postSolution
		{42A42DDD-763D-48EE-B799-0647962255E4}.Debug|Any CPU.ActiveCfg = Debug|Any CPU
		{42A42DDD-763D-48EE-B799-0647962255E4}.Debug|Any CPU.Build.0 = Debug|Any CPU
		{42A42DDD-763D-48EE-B799-0647962255E4}.Release|Any CPU.ActiveCfg = Release|Any CPU
		{42A42DDD-763D-48EE-B799-0647962255E4}.Release|Any CPU.Build.0 = Release|Any CPU
	EndGlobalSection
	GlobalSection(SolutionProperties) = preSolution
		HideSolutionNode = FALSE
	EndGlobalSection
	GlobalSection(ExtensibilityGlobals) = postSolution
		SolutionGuid = {EDEC4ACD-69CF-4B17-80CE-7A27BF49D929}
	EndGlobalSection
EndGlobal
