
Microsoft Visual Studio Solution File, Format Version 12.00
# Visual Studio Version 17
VisualStudioVersion = 17.14.36414.22 d17.14
MinimumVisualStudioVersion = 10.0.40219.1
Project("{FAE04EC0-301F-11D3-BF4B-00C04F79EFBC}") = "GaradosOwen", "GaradosOwen\GaradosOwen.csproj", "{5FDECF20-7AED-4490-9DBD-A701AD74A728}"
EndProject
Global
	GlobalSection(SolutionConfigurationPlatforms) = preSolution
		Debug|Any CPU = Debug|Any CPU
		Release|Any CPU = Release|Any CPU
	EndGlobalSection
	GlobalSection(ProjectConfigurationPlatforms) = postSolution
		{5FDECF20-7AED-4490-9DBD-A701AD74A728}.Debug|Any CPU.ActiveCfg = Debug|Any CPU
		{5FDECF20-7AED-4490-9DBD-A701AD74A728}.Debug|Any CPU.Build.0 = Debug|Any CPU
		{5FDECF20-7AED-4490-9DBD-A701AD74A728}.Release|Any CPU.ActiveCfg = Release|Any CPU
		{5FDECF20-7AED-4490-9DBD-A701AD74A728}.Release|Any CPU.Build.0 = Release|Any CPU
	EndGlobalSection
	GlobalSection(SolutionProperties) = preSolution
		HideSolutionNode = FALSE
	EndGlobalSection
	GlobalSection(ExtensibilityGlobals) = postSolution
		SolutionGuid = {65A41985-B816-4FA7-90B6-2BA7F6C1088E}
	EndGlobalSection
EndGlobal
