
Microsoft Visual Studio Solution File, Format Version 12.00
# Visual Studio Version 17
VisualStudioVersion = 17.14.36414.22 d17.14
MinimumVisualStudioVersion = 10.0.40219.1
Project("{FAE04EC0-301F-11D3-BF4B-00C04F79EFBC}") = "MultiplecationTable", "MultiplecationTable\MultiplecationTable.csproj", "{5D7800E4-0238-43A0-9269-23C0B981C5AF}"
EndProject
Global
	GlobalSection(SolutionConfigurationPlatforms) = preSolution
		Debug|Any CPU = Debug|Any CPU
		Release|Any CPU = Release|Any CPU
	EndGlobalSection
	GlobalSection(ProjectConfigurationPlatforms) = postSolution
		{5D7800E4-0238-43A0-9269-23C0B981C5AF}.Debug|Any CPU.ActiveCfg = Debug|Any CPU
		{5D7800E4-0238-43A0-9269-23C0B981C5AF}.Debug|Any CPU.Build.0 = Debug|Any CPU
		{5D7800E4-0238-43A0-9269-23C0B981C5AF}.Release|Any CPU.ActiveCfg = Release|Any CPU
		{5D7800E4-0238-43A0-9269-23C0B981C5AF}.Release|Any CPU.Build.0 = Release|Any CPU
	EndGlobalSection
	GlobalSection(SolutionProperties) = preSolution
		HideSolutionNode = FALSE
	EndGlobalSection
	GlobalSection(ExtensibilityGlobals) = postSolution
		SolutionGuid = {67556AD4-452A-44FF-A32C-AE883713D8F2}
	EndGlobalSection
EndGlobal
