
Microsoft Visual Studio Solution File, Format Version 12.00
# Visual Studio Version 17
VisualStudioVersion = 17.14.36414.22 d17.14
MinimumVisualStudioVersion = 10.0.40219.1
Project("{FAE04EC0-301F-11D3-BF4B-00C04F79EFBC}") = "Quiizes", "Quiizes\Quiizes.csproj", "{F4845C1F-719A-4CBF-A9EB-D874F04CF256}"
EndProject
Global
	GlobalSection(SolutionConfigurationPlatforms) = preSolution
		Debug|Any CPU = Debug|Any CPU
		Release|Any CPU = Release|Any CPU
	EndGlobalSection
	GlobalSection(ProjectConfigurationPlatforms) = postSolution
		{F4845C1F-719A-4CBF-A9EB-D874F04CF256}.Debug|Any CPU.ActiveCfg = Debug|Any CPU
		{F4845C1F-719A-4CBF-A9EB-D874F04CF256}.Debug|Any CPU.Build.0 = Debug|Any CPU
		{F4845C1F-719A-4CBF-A9EB-D874F04CF256}.Release|Any CPU.ActiveCfg = Release|Any CPU
		{F4845C1F-719A-4CBF-A9EB-D874F04CF256}.Release|Any CPU.Build.0 = Release|Any CPU
	EndGlobalSection
	GlobalSection(SolutionProperties) = preSolution
		HideSolutionNode = FALSE
	EndGlobalSection
	GlobalSection(ExtensibilityGlobals) = postSolution
		SolutionGuid = {C45F7F4A-D6BF-429B-BD17-19137E55707C}
	EndGlobalSection
EndGlobal
