
Microsoft Visual Studio Solution File, Format Version 12.00
# Visual Studio Version 17
VisualStudioVersion = 17.14.36414.22 d17.14
MinimumVisualStudioVersion = 10.0.40219.1
Project("{FAE04EC0-301F-11D3-BF4B-00C04F79EFBC}") = "NewPrototype", "NewPrototype\NewPrototype.csproj", "{57A0AF03-0134-4F1F-A124-359477053DDA}"
EndProject
Global
	GlobalSection(SolutionConfigurationPlatforms) = preSolution
		Debug|Any CPU = Debug|Any CPU
		Release|Any CPU = Release|Any CPU
	EndGlobalSection
	GlobalSection(ProjectConfigurationPlatforms) = postSolution
		{57A0AF03-0134-4F1F-A124-359477053DDA}.Debug|Any CPU.ActiveCfg = Debug|Any CPU
		{57A0AF03-0134-4F1F-A124-359477053DDA}.Debug|Any CPU.Build.0 = Debug|Any CPU
		{57A0AF03-0134-4F1F-A124-359477053DDA}.Release|Any CPU.ActiveCfg = Release|Any CPU
		{57A0AF03-0134-4F1F-A124-359477053DDA}.Release|Any CPU.Build.0 = Release|Any CPU
	EndGlobalSection
	GlobalSection(SolutionProperties) = preSolution
		HideSolutionNode = FALSE
	EndGlobalSection
	GlobalSection(ExtensibilityGlobals) = postSolution
		SolutionGuid = {06791F26-9713-4018-8BEE-0A2C802CA522}
	EndGlobalSection
EndGlobal
